// !$*UTF8*$!
{
	archiveVersion = 1;
	classes = {
	};
	objectVersion = 56;
	objects = {

/* Begin PBXBuildFile section */
		680D986E2965BC5F003B730F /* MainController.swift in Sources */ = {isa = PBXBuildFile; fileRef = 680D986D2965BC5F003B730F /* MainController.swift */; };
		680D98702965BCF0003B730F /* HomeController.swift in Sources */ = {isa = PBXBuildFile; fileRef = 680D986F2965BCF0003B730F /* HomeController.swift */; };
		680D98722965BD46003B730F /* GameController.swift in Sources */ = {isa = PBXBuildFile; fileRef = 680D98712965BD46003B730F /* GameController.swift */; };
		680D98742965BD73003B730F /* VODController.swift in Sources */ = {isa = PBXBuildFile; fileRef = 680D98732965BD73003B730F /* VODController.swift */; };
		680D98762965BD8A003B730F /* MyController.swift in Sources */ = {isa = PBXBuildFile; fileRef = 680D98752965BD8A003B730F /* MyController.swift */; };
		680D98782965BDA5003B730F /* MoreController.swift in Sources */ = {isa = PBXBuildFile; fileRef = 680D98772965BDA5003B730F /* MoreController.swift */; };
		680D987A2965D6F8003B730F /* HomeTableViewCell.swift in Sources */ = {isa = PBXBuildFile; fileRef = 680D98792965D6F8003B730F /* HomeTableViewCell.swift */; };
		681F53BF296875B000EF4837 /* GameTableViewCell.swift in Sources */ = {isa = PBXBuildFile; fileRef = 681F53BE296875B000EF4837 /* GameTableViewCell.swift */; };
		681F53C129688CE900EF4837 /* AfreecaURL.swift in Sources */ = {isa = PBXBuildFile; fileRef = 681F53C029688CE900EF4837 /* AfreecaURL.swift */; };
		683062F82969FFEF00362296 /* AfreecaTVTests.swift in Sources */ = {isa = PBXBuildFile; fileRef = 683062F72969FFEF00362296 /* AfreecaTVTests.swift */; };
		68C2F8392965A4B600F5945E /* AppDelegate.swift in Sources */ = {isa = PBXBuildFile; fileRef = 68C2F8382965A4B600F5945E /* AppDelegate.swift */; };
		68C2F83B2965A4B600F5945E /* SceneDelegate.swift in Sources */ = {isa = PBXBuildFile; fileRef = 68C2F83A2965A4B600F5945E /* SceneDelegate.swift */; };
		68C2F8402965A4B600F5945E /* Main.storyboard in Resources */ = {isa = PBXBuildFile; fileRef = 68C2F83E2965A4B600F5945E /* Main.storyboard */; };
		68C2F8422965A4B700F5945E /* Assets.xcassets in Resources */ = {isa = PBXBuildFile; fileRef = 68C2F8412965A4B700F5945E /* Assets.xcassets */; };
		68C2F8452965A4B700F5945E /* LaunchScreen.storyboard in Resources */ = {isa = PBXBuildFile; fileRef = 68C2F8432965A4B700F5945E /* LaunchScreen.storyboard */; };
/* End PBXBuildFile section */

/* Begin PBXContainerItemProxy section */
		683062F92969FFEF00362296 /* PBXContainerItemProxy */ = {
			isa = PBXContainerItemProxy;
			containerPortal = 68C2F82D2965A4B600F5945E /* Project object */;
			proxyType = 1;
			remoteGlobalIDString = 68C2F8342965A4B600F5945E;
			remoteInfo = AfreecaTV;
		};
/* End PBXContainerItemProxy section */

/* Begin PBXFileReference section */
		680D986D2965BC5F003B730F /* MainController.swift */ = {isa = PBXFileReference; lastKnownFileType = sourcecode.swift; path = MainController.swift; sourceTree = "<group>"; };
		680D986F2965BCF0003B730F /* HomeController.swift */ = {isa = PBXFileReference; lastKnownFileType = sourcecode.swift; path = HomeController.swift; sourceTree = "<group>"; };
		680D98712965BD46003B730F /* GameController.swift */ = {isa = PBXFileReference; lastKnownFileType = sourcecode.swift; path = GameController.swift; sourceTree = "<group>"; };
		680D98732965BD73003B730F /* VODController.swift */ = {isa = PBXFileReference; lastKnownFileType = sourcecode.swift; path = VODController.swift; sourceTree = "<group>"; };
		680D98752965BD8A003B730F /* MyController.swift */ = {isa = PBXFileReference; lastKnownFileType = sourcecode.swift; path = MyController.swift; sourceTree = "<group>"; };
		680D98772965BDA5003B730F /* MoreController.swift */ = {isa = PBXFileReference; lastKnownFileType = sourcecode.swift; path = MoreController.swift; sourceTree = "<group>"; };
		680D98792965D6F8003B730F /* HomeTableViewCell.swift */ = {isa = PBXFileReference; lastKnownFileType = sourcecode.swift; path = HomeTableViewCell.swift; sourceTree = "<group>"; };
		681F53BC296823F500EF4837 /* WebKit.framework */ = {isa = PBXFileReference; lastKnownFileType = wrapper.framework; name = WebKit.framework; path = System/Library/Frameworks/WebKit.framework; sourceTree = SDKROOT; };
		681F53BE296875B000EF4837 /* GameTableViewCell.swift */ = {isa = PBXFileReference; lastKnownFileType = sourcecode.swift; path = GameTableViewCell.swift; sourceTree = "<group>"; };
		681F53C029688CE900EF4837 /* AfreecaURL.swift */ = {isa = PBXFileReference; lastKnownFileType = sourcecode.swift; path = AfreecaURL.swift; sourceTree = "<group>"; };
		683062F52969FFEE00362296 /* AfreecaTVTests.xctest */ = {isa = PBXFileReference; explicitFileType = wrapper.cfbundle; includeInIndex = 0; path = AfreecaTVTests.xctest; sourceTree = BUILT_PRODUCTS_DIR; };
		683062F72969FFEF00362296 /* AfreecaTVTests.swift */ = {isa = PBXFileReference; lastKnownFileType = sourcecode.swift; path = AfreecaTVTests.swift; sourceTree = "<group>"; };
		68C2F8352965A4B600F5945E /* AfreecaTV.app */ = {isa = PBXFileReference; explicitFileType = wrapper.application; includeInIndex = 0; path = AfreecaTV.app; sourceTree = BUILT_PRODUCTS_DIR; };
		68C2F8382965A4B600F5945E /* AppDelegate.swift */ = {isa = PBXFileReference; lastKnownFileType = sourcecode.swift; path = AppDelegate.swift; sourceTree = "<group>"; };
		68C2F83A2965A4B600F5945E /* SceneDelegate.swift */ = {isa = PBXFileReference; lastKnownFileType = sourcecode.swift; path = SceneDelegate.swift; sourceTree = "<group>"; };
		68C2F83F2965A4B600F5945E /* Base */ = {isa = PBXFileReference; lastKnownFileType = file.storyboard; name = Base; path = Base.lproj/Main.storyboard; sourceTree = "<group>"; };
		68C2F8412965A4B700F5945E /* Assets.xcassets */ = {isa = PBXFileReference; lastKnownFileType = folder.assetcatalog; path = Assets.xcassets; sourceTree = "<group>"; };
		68C2F8442965A4B700F5945E /* Base */ = {isa = PBXFileReference; lastKnownFileType = file.storyboard; name = Base; path = Base.lproj/LaunchScreen.storyboard; sourceTree = "<group>"; };
		68C2F8462965A4B700F5945E /* Info.plist */ = {isa = PBXFileReference; lastKnownFileType = text.plist.xml; path = Info.plist; sourceTree = "<group>"; };
/* End PBXFileReference section */

/* Begin PBXFrameworksBuildPhase section */
		683062F22969FFEE00362296 /* Frameworks */ = {
			isa = PBXFrameworksBuildPhase;
			buildActionMask = 2147483647;
			files = (
			);
			runOnlyForDeploymentPostprocessing = 0;
		};
/* End PBXFrameworksBuildPhase section */

/* Begin PBXGroup section */
		681F53BB296823F500EF4837 /* Frameworks */ = {
			isa = PBXGroup;
			children = (
				681F53BC296823F500EF4837 /* WebKit.framework */,
			);
			name = Frameworks;
			sourceTree = "<group>";
		};
		683062F62969FFEF00362296 /* AfreecaTVTests */ = {
			isa = PBXGroup;
			children = (
				683062F72969FFEF00362296 /* AfreecaTVTests.swift */,
			);
			path = AfreecaTVTests;
			sourceTree = "<group>";
		};
		68C2F82C2965A4B600F5945E = {
			isa = PBXGroup;
			children = (
				68C2F8372965A4B600F5945E /* AfreecaTV */,
				683062F62969FFEF00362296 /* AfreecaTVTests */,
				68C2F8362965A4B600F5945E /* Products */,
				681F53BB296823F500EF4837 /* Frameworks */,
			);
			sourceTree = "<group>";
		};
		68C2F8362965A4B600F5945E /* Products */ = {
			isa = PBXGroup;
			children = (
				68C2F8352965A4B600F5945E /* AfreecaTV.app */,
				683062F52969FFEE00362296 /* AfreecaTVTests.xctest */,
			);
			name = Products;
			sourceTree = "<group>";
		};
		68C2F8372965A4B600F5945E /* AfreecaTV */ = {
			isa = PBXGroup;
			children = (
				68C2F8382965A4B600F5945E /* AppDelegate.swift */,
				68C2F83A2965A4B600F5945E /* SceneDelegate.swift */,
				680D986D2965BC5F003B730F /* MainController.swift */,
				681F53C029688CE900EF4837 /* AfreecaURL.swift */,
				680D986F2965BCF0003B730F /* HomeController.swift */,
				680D98792965D6F8003B730F /* HomeTableViewCell.swift */,
				680D98712965BD46003B730F /* GameController.swift */,
				681F53BE296875B000EF4837 /* GameTableViewCell.swift */,
				680D98732965BD73003B730F /* VODController.swift */,
				680D98752965BD8A003B730F /* MyController.swift */,
				680D98772965BDA5003B730F /* MoreController.swift */,
				68C2F8412965A4B700F5945E /* Assets.xcassets */,
				68C2F83E2965A4B600F5945E /* Main.storyboard */,
				68C2F8432965A4B700F5945E /* LaunchScreen.storyboard */,
				68C2F8462965A4B700F5945E /* Info.plist */,
			);
			path = AfreecaTV;
			sourceTree = "<group>";
		};
/* End PBXGroup section */

/* Begin PBXNativeTarget section */
		683062F42969FFEE00362296 /* AfreecaTVTests */ = {
			isa = PBXNativeTarget;
			buildConfigurationList = 683062FD2969FFEF00362296 /* Build configuration list for PBXNativeTarget "AfreecaTVTests" */;
			buildPhases = (
				683062F12969FFEE00362296 /* Sources */,
				683062F22969FFEE00362296 /* Frameworks */,
				683062F32969FFEE00362296 /* Resources */,
			);
			buildRules = (
			);
			dependencies = (
				683062FA2969FFEF00362296 /* PBXTargetDependency */,
			);
			name = AfreecaTVTests;
			productName = AfreecaTVTests;
			productReference = 683062F52969FFEE00362296 /* AfreecaTVTests.xctest */;
			productType = "com.apple.product-type.bundle.unit-test";
		};
		68C2F8342965A4B600F5945E /* AfreecaTV */ = {
			isa = PBXNativeTarget;
			buildConfigurationList = 68C2F8492965A4B700F5945E /* Build configuration list for PBXNativeTarget "AfreecaTV" */;
			buildPhases = (
				68C2F8312965A4B600F5945E /* Sources */,
				68C2F8332965A4B600F5945E /* Resources */,
			);
			buildRules = (
			);
			dependencies = (
			);
			name = AfreecaTV;
			productName = AfreecaTV;
			productReference = 68C2F8352965A4B600F5945E /* AfreecaTV.app */;
			productType = "com.apple.product-type.application";
		};
/* End PBXNativeTarget section */

/* Begin PBXProject section */
		68C2F82D2965A4B600F5945E /* Project object */ = {
			isa = PBXProject;
			attributes = {
				BuildIndependentTargetsInParallel = 1;
				LastSwiftUpdateCheck = 1420;
				LastUpgradeCheck = 1410;
				TargetAttributes = {
					683062F42969FFEE00362296 = {
						CreatedOnToolsVersion = 14.2;
						TestTargetID = 68C2F8342965A4B600F5945E;
					};
					68C2F8342965A4B600F5945E = {
						CreatedOnToolsVersion = 14.1;
					};
				};
			};
			buildConfigurationList = 68C2F8302965A4B600F5945E /* Build configuration list for PBXProject "AfreecaTV" */;
			compatibilityVersion = "Xcode 14.0";
			developmentRegion = en;
			hasScannedForEncodings = 0;
			knownRegions = (
				en,
				Base,
			);
			mainGroup = 68C2F82C2965A4B600F5945E;
			productRefGroup = 68C2F8362965A4B600F5945E /* Products */;
			projectDirPath = "";
			projectRoot = "";
			targets = (
				68C2F8342965A4B600F5945E /* AfreecaTV */,
				683062F42969FFEE00362296 /* AfreecaTVTests */,
			);
		};
/* End PBXProject section */

/* Begin PBXResourcesBuildPhase section */
		683062F32969FFEE00362296 /* Resources */ = {
			isa = PBXResourcesBuildPhase;
			buildActionMask = 2147483647;
			files = (
			);
			runOnlyForDeploymentPostprocessing = 0;
		};
		68C2F8332965A4B600F5945E /* Resources */ = {
			isa = PBXResourcesBuildPhase;
			buildActionMask = 2147483647;
			files = (
				68C2F8452965A4B700F5945E /* LaunchScreen.storyboard in Resources */,
				68C2F8422965A4B700F5945E /* Assets.xcassets in Resources */,
				68C2F8402965A4B600F5945E /* Main.storyboard in Resources */,
			);
			runOnlyForDeploymentPostprocessing = 0;
		};
/* End PBXResourcesBuildPhase section */

/* Begin PBXSourcesBuildPhase section */
		683062F12969FFEE00362296 /* Sources */ = {
			isa = PBXSourcesBuildPhase;
			buildActionMask = 2147483647;
			files = (
				683062F82969FFEF00362296 /* AfreecaTVTests.swift in Sources */,
			);
			runOnlyForDeploymentPostprocessing = 0;
		};
		68C2F8312965A4B600F5945E /* Sources */ = {
			isa = PBXSourcesBuildPhase;
			buildActionMask = 2147483647;
			files = (
				680D98722965BD46003B730F /* GameController.swift in Sources */,
				680D986E2965BC5F003B730F /* MainController.swift in Sources */,
				680D98742965BD73003B730F /* VODController.swift in Sources */,
				680D98782965BDA5003B730F /* MoreController.swift in Sources */,
				681F53C129688CE900EF4837 /* AfreecaURL.swift in Sources */,
				681F53BF296875B000EF4837 /* GameTableViewCell.swift in Sources */,
				68C2F8392965A4B600F5945E /* AppDelegate.swift in Sources */,
				68C2F83B2965A4B600F5945E /* SceneDelegate.swift in Sources */,
				680D987A2965D6F8003B730F /* HomeTableViewCell.swift in Sources */,
				680D98702965BCF0003B730F /* HomeController.swift in Sources */,
				680D98762965BD8A003B730F /* MyController.swift in Sources */,
			);
			runOnlyForDeploymentPostprocessing = 0;
		};
/* End PBXSourcesBuildPhase section */

/* Begin PBXTargetDependency section */
		683062FA2969FFEF00362296 /* PBXTargetDependency */ = {
			isa = PBXTargetDependency;
			target = 68C2F8342965A4B600F5945E /* AfreecaTV */;
			targetProxy = 683062F92969FFEF00362296 /* PBXContainerItemProxy */;
		};
/* End PBXTargetDependency section */

/* Begin PBXVariantGroup section */
		68C2F83E2965A4B600F5945E /* Main.storyboard */ = {
			isa = PBXVariantGroup;
			children = (
				68C2F83F2965A4B600F5945E /* Base */,
			);
			name = Main.storyboard;
			sourceTree = "<group>";
		};
		68C2F8432965A4B700F5945E /* LaunchScreen.storyboard */ = {
			isa = PBXVariantGroup;
			children = (
				68C2F8442965A4B700F5945E /* Base */,
			);
			name = LaunchScreen.storyboard;
			sourceTree = "<group>";
		};
/* End PBXVariantGroup section */

/* Begin XCBuildConfiguration section */
		683062FB2969FFEF00362296 /* Debug */ = {
			isa = XCBuildConfiguration;
			buildSettings = {
				BUNDLE_LOADER = "$(TEST_HOST)";
				CODE_SIGN_STYLE = Automatic;
				CURRENT_PROJECT_VERSION = 1;
				DEVELOPMENT_TEAM = RACTZSKQ3G;
				GENERATE_INFOPLIST_FILE = YES;
				IPHONEOS_DEPLOYMENT_TARGET = 16.2;
				MACOSX_DEPLOYMENT_TARGET = 12.6;
				MARKETING_VERSION = 1.0;
				PRODUCT_BUNDLE_IDENTIFIER = afreeca.AfreecaTVTests;
				PRODUCT_NAME = "$(TARGET_NAME)";
				SDKROOT = auto;
				SUPPORTED_PLATFORMS = "iphoneos iphonesimulator macosx";
				SWIFT_EMIT_LOC_STRINGS = NO;
				SWIFT_VERSION = 5.0;
				TARGETED_DEVICE_FAMILY = "1,2";
				TEST_HOST = "$(BUILT_PRODUCTS_DIR)/AfreecaTV.app/$(BUNDLE_EXECUTABLE_FOLDER_PATH)/AfreecaTV";
			};
			name = Debug;
		};
		683062FC2969FFEF00362296 /* Release */ = {
			isa = XCBuildConfiguration;
			buildSettings = {
				BUNDLE_LOADER = "$(TEST_HOST)";
				CODE_SIGN_STYLE = Automatic;
				CURRENT_PROJECT_VERSION = 1;
				DEVELOPMENT_TEAM = RACTZSKQ3G;
				GENERATE_INFOPLIST_FILE = YES;
				IPHONEOS_DEPLOYMENT_TARGET = 16.2;
				MACOSX_DEPLOYMENT_TARGET = 12.6;
				MARKETING_VERSION = 1.0;
				PRODUCT_BUNDLE_IDENTIFIER = afreeca.AfreecaTVTests;
				PRODUCT_NAME = "$(TARGET_NAME)";
				SDKROOT = auto;
				SUPPORTED_PLATFORMS = "iphoneos iphonesimulator macosx";
				SWIFT_EMIT_LOC_STRINGS = NO;
				SWIFT_VERSION = 5.0;
				TARGETED_DEVICE_FAMILY = "1,2";
				TEST_HOST = "$(BUILT_PRODUCTS_DIR)/AfreecaTV.app/$(BUNDLE_EXECUTABLE_FOLDER_PATH)/AfreecaTV";
			};
			name = Release;
		};
		68C2F8472965A4B700F5945E /* Debug */ = {
			isa = XCBuildConfiguration;
			buildSettings = {
				ALWAYS_SEARCH_USER_PATHS = NO;
				CLANG_ANALYZER_NONNULL = YES;
				CLANG_ANALYZER_NUMBER_OBJECT_CONVERSION = YES_AGGRESSIVE;
				CLANG_CXX_LANGUAGE_STANDARD = "gnu++20";
				CLANG_ENABLE_MODULES = YES;
				CLANG_ENABLE_OBJC_ARC = YES;
				CLANG_ENABLE_OBJC_WEAK = YES;
				CLANG_WARN_BLOCK_CAPTURE_AUTORELEASING = YES;
				CLANG_WARN_BOOL_CONVERSION = YES;
				CLANG_WARN_COMMA = YES;
				CLANG_WARN_CONSTANT_CONVERSION = YES;
				CLANG_WARN_DEPRECATED_OBJC_IMPLEMENTATIONS = YES;
				CLANG_WARN_DIRECT_OBJC_ISA_USAGE = YES_ERROR;
				CLANG_WARN_DOCUMENTATION_COMMENTS = YES;
				CLANG_WARN_EMPTY_BODY = YES;
				CLANG_WARN_ENUM_CONVERSION = YES;
				CLANG_WARN_INFINITE_RECURSION = YES;
				CLANG_WARN_INT_CONVERSION = YES;
				CLANG_WARN_NON_LITERAL_NULL_CONVERSION = YES;
				CLANG_WARN_OBJC_IMPLICIT_RETAIN_SELF = YES;
				CLANG_WARN_OBJC_LITERAL_CONVERSION = YES;
				CLANG_WARN_OBJC_ROOT_CLASS = YES_ERROR;
				CLANG_WARN_QUOTED_INCLUDE_IN_FRAMEWORK_HEADER = YES;
				CLANG_WARN_RANGE_LOOP_ANALYSIS = YES;
				CLANG_WARN_STRICT_PROTOTYPES = YES;
				CLANG_WARN_SUSPICIOUS_MOVE = YES;
				CLANG_WARN_UNGUARDED_AVAILABILITY = YES_AGGRESSIVE;
				CLANG_WARN_UNREACHABLE_CODE = YES;
				CLANG_WARN__DUPLICATE_METHOD_MATCH = YES;
				COPY_PHASE_STRIP = NO;
				DEBUG_INFORMATION_FORMAT = dwarf;
				ENABLE_STRICT_OBJC_MSGSEND = YES;
				ENABLE_TESTABILITY = YES;
				GCC_C_LANGUAGE_STANDARD = gnu11;
				GCC_DYNAMIC_NO_PIC = NO;
				GCC_NO_COMMON_BLOCKS = YES;
				GCC_OPTIMIZATION_LEVEL = 0;
				GCC_PREPROCESSOR_DEFINITIONS = (
					"DEBUG=1",
					"$(inherited)",
				);
				GCC_WARN_64_TO_32_BIT_CONVERSION = YES;
				GCC_WARN_ABOUT_RETURN_TYPE = YES_ERROR;
				GCC_WARN_UNDECLARED_SELECTOR = YES;
				GCC_WARN_UNINITIALIZED_AUTOS = YES_AGGRESSIVE;
				GCC_WARN_UNUSED_FUNCTION = YES;
				GCC_WARN_UNUSED_VARIABLE = YES;
				IPHONEOS_DEPLOYMENT_TARGET = 16.1;
				MTL_ENABLE_DEBUG_INFO = INCLUDE_SOURCE;
				MTL_FAST_MATH = YES;
				ONLY_ACTIVE_ARCH = YES;
				SDKROOT = iphoneos;
				SWIFT_ACTIVE_COMPILATION_CONDITIONS = DEBUG;
				SWIFT_OPTIMIZATION_LEVEL = "-Onone";
			};
			name = Debug;
		};
		68C2F8482965A4B700F5945E /* Release */ = {
			isa = XCBuildConfiguration;
			buildSettings = {
				ALWAYS_SEARCH_USER_PATHS = NO;
				CLANG_ANALYZER_NONNULL = YES;
				CLANG_ANALYZER_NUMBER_OBJECT_CONVERSION = YES_AGGRESSIVE;
				CLANG_CXX_LANGUAGE_STANDARD = "gnu++20";
				CLANG_ENABLE_MODULES = YES;
				CLANG_ENABLE_OBJC_ARC = YES;
				CLANG_ENABLE_OBJC_WEAK = YES;
				CLANG_WARN_BLOCK_CAPTURE_AUTORELEASING = YES;
				CLANG_WARN_BOOL_CONVERSION = YES;
				CLANG_WARN_COMMA = YES;
				CLANG_WARN_CONSTANT_CONVERSION = YES;
				CLANG_WARN_DEPRECATED_OBJC_IMPLEMENTATIONS = YES;
				CLANG_WARN_DIRECT_OBJC_ISA_USAGE = YES_ERROR;
				CLANG_WARN_DOCUMENTATION_COMMENTS = YES;
				CLANG_WARN_EMPTY_BODY = YES;
				CLANG_WARN_ENUM_CONVERSION = YES;
				CLANG_WARN_INFINITE_RECURSION = YES;
				CLANG_WARN_INT_CONVERSION = YES;
				CLANG_WARN_NON_LITERAL_NULL_CONVERSION = YES;
				CLANG_WARN_OBJC_IMPLICIT_RETAIN_SELF = YES;
				CLANG_WARN_OBJC_LITERAL_CONVERSION = YES;
				CLANG_WARN_OBJC_ROOT_CLASS = YES_ERROR;
				CLANG_WARN_QUOTED_INCLUDE_IN_FRAMEWORK_HEADER = YES;
				CLANG_WARN_RANGE_LOOP_ANALYSIS = YES;
				CLANG_WARN_STRICT_PROTOTYPES = YES;
				CLANG_WARN_SUSPICIOUS_MOVE = YES;
				CLANG_WARN_UNGUARDED_AVAILABILITY = YES_AGGRESSIVE;
				CLANG_WARN_UNREACHABLE_CODE = YES;
				CLANG_WARN__DUPLICATE_METHOD_MATCH = YES;
				COPY_PHASE_STRIP = NO;
				DEBUG_INFORMATION_FORMAT = "dwarf-with-dsym";
				ENABLE_NS_ASSERTIONS = NO;
				ENABLE_STRICT_OBJC_MSGSEND = YES;
				GCC_C_LANGUAGE_STANDARD = gnu11;
				GCC_NO_COMMON_BLOCKS = YES;
				GCC_WARN_64_TO_32_BIT_CONVERSION = YES;
				GCC_WARN_ABOUT_RETURN_TYPE = YES_ERROR;
				GCC_WARN_UNDECLARED_SELECTOR = YES;
				GCC_WARN_UNINITIALIZED_AUTOS = YES_AGGRESSIVE;
				GCC_WARN_UNUSED_FUNCTION = YES;
				GCC_WARN_UNUSED_VARIABLE = YES;
				IPHONEOS_DEPLOYMENT_TARGET = 16.1;
				MTL_ENABLE_DEBUG_INFO = NO;
				MTL_FAST_MATH = YES;
				SDKROOT = iphoneos;
				SWIFT_COMPILATION_MODE = wholemodule;
				SWIFT_OPTIMIZATION_LEVEL = "-O";
				VALIDATE_PRODUCT = YES;
			};
			name = Release;
		};
		68C2F84A2965A4B700F5945E /* Debug */ = {
			isa = XCBuildConfiguration;
			buildSettings = {
				ASSETCATALOG_COMPILER_APPICON_NAME = AppIcon;
				ASSETCATALOG_COMPILER_GLOBAL_ACCENT_COLOR_NAME = AccentColor;
				CODE_SIGN_STYLE = Automatic;
				CURRENT_PROJECT_VERSION = 1;
				DEVELOPMENT_TEAM = RACTZSKQ3G;
				GENERATE_INFOPLIST_FILE = YES;
				INFOPLIST_FILE = AfreecaTV/Info.plist;
				INFOPLIST_KEY_UIApplicationSupportsIndirectInputEvents = YES;
				INFOPLIST_KEY_UILaunchStoryboardName = LaunchScreen;
				INFOPLIST_KEY_UIMainStoryboardFile = Main;
				INFOPLIST_KEY_UISupportedInterfaceOrientations_iPad = "UIInterfaceOrientationPortrait UIInterfaceOrientationPortraitUpsideDown UIInterfaceOrientationLandscapeLeft UIInterfaceOrientationLandscapeRight";
				INFOPLIST_KEY_UISupportedInterfaceOrientations_iPhone = "UIInterfaceOrientationPortrait UIInterfaceOrientationLandscapeLeft UIInterfaceOrientationLandscapeRight";
				IPHONEOS_DEPLOYMENT_TARGET = 15.0;
				LD_RUNPATH_SEARCH_PATHS = (
					"$(inherited)",
					"@executable_path/Frameworks",
				);
				MARKETING_VERSION = 1.0;
				PRODUCT_BUNDLE_IDENTIFIER = afreeca.AfreecaTV;
				PRODUCT_NAME = "$(TARGET_NAME)";
				SWIFT_EMIT_LOC_STRINGS = YES;
				SWIFT_VERSION = 5.0;
				TARGETED_DEVICE_FAMILY = "1,2";
			};
			name = Debug;
		};
		68C2F84B2965A4B700F5945E /* Release */ = {
			isa = XCBuildConfiguration;
			buildSettings = {
				ASSETCATALOG_COMPILER_APPICON_NAME = AppIcon;
				ASSETCATALOG_COMPILER_GLOBAL_ACCENT_COLOR_NAME = AccentColor;
				CODE_SIGN_STYLE = Automatic;
				CURRENT_PROJECT_VERSION = 1;
				DEVELOPMENT_TEAM = RACTZSKQ3G;
				GENERATE_INFOPLIST_FILE = YES;
				INFOPLIST_FILE = AfreecaTV/Info.plist;
				INFOPLIST_KEY_UIApplicationSupportsIndirectInputEvents = YES;
				INFOPLIST_KEY_UILaunchStoryboardName = LaunchScreen;
				INFOPLIST_KEY_UIMainStoryboardFile = Main;
				INFOPLIST_KEY_UISupportedInterfaceOrientations_iPad = "UIInterfaceOrientationPortrait UIInterfaceOrientationPortraitUpsideDown UIInterfaceOrientationLandscapeLeft UIInterfaceOrientationLandscapeRight";
				INFOPLIST_KEY_UISupportedInterfaceOrientations_iPhone = "UIInterfaceOrientationPortrait UIInterfaceOrientationLandscapeLeft UIInterfaceOrientationLandscapeRight";
				IPHONEOS_DEPLOYMENT_TARGET = 15.0;
				LD_RUNPATH_SEARCH_PATHS = (
					"$(inherited)",
					"@executable_path/Frameworks",
				);
				MARKETING_VERSION = 1.0;
				PRODUCT_BUNDLE_IDENTIFIER = afreeca.AfreecaTV;
				PRODUCT_NAME = "$(TARGET_NAME)";
				SWIFT_EMIT_LOC_STRINGS = YES;
				SWIFT_VERSION = 5.0;
				TARGETED_DEVICE_FAMILY = "1,2";
			};
			name = Release;
		};
/* End XCBuildConfiguration section */

/* Begin XCConfigurationList section */
		683062FD2969FFEF00362296 /* Build configuration list for PBXNativeTarget "AfreecaTVTests" */ = {
			isa = XCConfigurationList;
			buildConfigurations = (
				683062FB2969FFEF00362296 /* Debug */,
				683062FC2969FFEF00362296 /* Release */,
			);
			defaultConfigurationIsVisible = 0;
			defaultConfigurationName = Release;
		};
		68C2F8302965A4B600F5945E /* Build configuration list for PBXProject "AfreecaTV" */ = {
			isa = XCConfigurationList;
			buildConfigurations = (
				68C2F8472965A4B700F5945E /* Debug */,
				68C2F8482965A4B700F5945E /* Release */,
			);
			defaultConfigurationIsVisible = 0;
			defaultConfigurationName = Release;
		};
		68C2F8492965A4B700F5945E /* Build configuration list for PBXNativeTarget "AfreecaTV" */ = {
			isa = XCConfigurationList;
			buildConfigurations = (
				68C2F84A2965A4B700F5945E /* Debug */,
				68C2F84B2965A4B700F5945E /* Release */,
			);
			defaultConfigurationIsVisible = 0;
			defaultConfigurationName = Release;
		};
/* End XCConfigurationList section */
	};
	rootObject = 68C2F82D2965A4B600F5945E /* Project object */;
}
